// !$*UTF8*$!
{
	archiveVersion = 1;
	classes = {
	};
	objectVersion = 55;
	objects = {

/* Begin PBXBuildFile section */
		3E95D6F4288D2754000B9647 /* AppDelegate.swift in Sources */ = {isa = PBXBuildFile; fileRef = 3E95D6F3288D2754000B9647 /* AppDelegate.swift */; };
		3E95D6FD288D2756000B9647 /* Assets.xcassets in Resources */ = {isa = PBXBuildFile; fileRef = 3E95D6FC288D2756000B9647 /* Assets.xcassets */; };
		3E95D700288D2756000B9647 /* LaunchScreen.storyboard in Resources */ = {isa = PBXBuildFile; fileRef = 3E95D6FE288D2756000B9647 /* LaunchScreen.storyboard */; };
		3E95D708288D27AB000B9647 /* RootViewController.swift in Sources */ = {isa = PBXBuildFile; fileRef = 3E95D707288D27AB000B9647 /* RootViewController.swift */; };
		3E95D70B288D285F000B9647 /* SnapKit in Frameworks */ = {isa = PBXBuildFile; productRef = 3E95D70A288D285F000B9647 /* SnapKit */; };
		3E95D70E288D287E000B9647 /* Lister in Frameworks */ = {isa = PBXBuildFile; productRef = 3E95D70D288D287E000B9647 /* Lister */; };
		3E95D711288D2B13000B9647 /* TestSettingsView.swift in Sources */ = {isa = PBXBuildFile; fileRef = 3E95D710288D2B12000B9647 /* TestSettingsView.swift */; };
		3E95D714288D2EB9000B9647 /* Ex2CellView.swift in Sources */ = {isa = PBXBuildFile; fileRef = 3E95D713288D2EB9000B9647 /* Ex2CellView.swift */; };
		3E95D716288D2F11000B9647 /* Ex2Settings2View.swift in Sources */ = {isa = PBXBuildFile; fileRef = 3E95D715288D2F11000B9647 /* Ex2Settings2View.swift */; };
		3E95D719288D400B000B9647 /* DataView.swift in Sources */ = {isa = PBXBuildFile; fileRef = 3E95D718288D400B000B9647 /* DataView.swift */; };
		3E95D71C288D444D000B9647 /* UpdateDataView.swift in Sources */ = {isa = PBXBuildFile; fileRef = 3E95D71B288D444D000B9647 /* UpdateDataView.swift */; };
		3E95D71E288D4469000B9647 /* UpdateSUIDataViewController.swift in Sources */ = {isa = PBXBuildFile; fileRef = 3E95D71D288D4469000B9647 /* UpdateSUIDataViewController.swift */; };
		3E95D721288D5D3D000B9647 /* UsageExample1ViewController.swift in Sources */ = {isa = PBXBuildFile; fileRef = 3E95D720288D5D3D000B9647 /* UsageExample1ViewController.swift */; };
		3E95D725288D5D50000B9647 /* UserProfileView.swift in Sources */ = {isa = PBXBuildFile; fileRef = 3E95D724288D5D50000B9647 /* UserProfileView.swift */; };
		3EA76EFD28970A5800F19061 /* SUI->UIKit-ButtonEvent1ViewController.swift in Sources */ = {isa = PBXBuildFile; fileRef = 3EA76EFC28970A5800F19061 /* SUI->UIKit-ButtonEvent1ViewController.swift */; };
		3EA76F0128970AF800F19061 /* SUI->UIKitButtonEvent1.swift in Sources */ = {isa = PBXBuildFile; fileRef = 3EA76F0028970AF800F19061 /* SUI->UIKitButtonEvent1.swift */; };
		3EA76F0528970E5B00F19061 /* SUI-UIKitButtonEvent2.swift in Sources */ = {isa = PBXBuildFile; fileRef = 3EA76F0428970E5B00F19061 /* SUI-UIKitButtonEvent2.swift */; };
/* End PBXBuildFile section */

/* Begin PBXFileReference section */
		3E95D6F0288D2754000B9647 /* SUI-UIKit.app */ = {isa = PBXFileReference; explicitFileType = wrapper.application; includeInIndex = 0; path = "SUI-UIKit.app"; sourceTree = BUILT_PRODUCTS_DIR; };
		3E95D6F3288D2754000B9647 /* AppDelegate.swift */ = {isa = PBXFileReference; lastKnownFileType = sourcecode.swift; path = AppDelegate.swift; sourceTree = "<group>"; };
		3E95D6FC288D2756000B9647 /* Assets.xcassets */ = {isa = PBXFileReference; lastKnownFileType = folder.assetcatalog; path = Assets.xcassets; sourceTree = "<group>"; };
		3E95D6FF288D2756000B9647 /* Base */ = {isa = PBXFileReference; lastKnownFileType = file.storyboard; name = Base; path = Base.lproj/LaunchScreen.storyboard; sourceTree = "<group>"; };
		3E95D701288D2756000B9647 /* Info.plist */ = {isa = PBXFileReference; lastKnownFileType = text.plist.xml; path = Info.plist; sourceTree = "<group>"; };
		3E95D707288D27AB000B9647 /* RootViewController.swift */ = {isa = PBXFileReference; lastKnownFileType = sourcecode.swift; path = RootViewController.swift; sourceTree = "<group>"; };
		3E95D710288D2B12000B9647 /* TestSettingsView.swift */ = {isa = PBXFileReference; lastKnownFileType = sourcecode.swift; path = TestSettingsView.swift; sourceTree = "<group>"; };
		3E95D713288D2EB9000B9647 /* Ex2CellView.swift */ = {isa = PBXFileReference; lastKnownFileType = sourcecode.swift; path = Ex2CellView.swift; sourceTree = "<group>"; };
		3E95D715288D2F11000B9647 /* Ex2Settings2View.swift */ = {isa = PBXFileReference; lastKnownFileType = sourcecode.swift; path = Ex2Settings2View.swift; sourceTree = "<group>"; };
		3E95D718288D400B000B9647 /* DataView.swift */ = {isa = PBXFileReference; lastKnownFileType = sourcecode.swift; path = DataView.swift; sourceTree = "<group>"; };
		3E95D71B288D444D000B9647 /* UpdateDataView.swift */ = {isa = PBXFileReference; lastKnownFileType = sourcecode.swift; path = UpdateDataView.swift; sourceTree = "<group>"; };
		3E95D71D288D4469000B9647 /* UpdateSUIDataViewController.swift */ = {isa = PBXFileReference; lastKnownFileType = sourcecode.swift; path = UpdateSUIDataViewController.swift; sourceTree = "<group>"; };
		3E95D720288D5D3D000B9647 /* UsageExample1ViewController.swift */ = {isa = PBXFileReference; lastKnownFileType = sourcecode.swift; name = UsageExample1ViewController.swift; path = ../../../../../../UsageExample1ViewController.swift; sourceTree = "<group>"; };
		3E95D724288D5D50000B9647 /* UserProfileView.swift */ = {isa = PBXFileReference; lastKnownFileType = sourcecode.swift; path = UserProfileView.swift; sourceTree = "<group>"; };
		3EA76EFC28970A5800F19061 /* SUI->UIKit-ButtonEvent1ViewController.swift */ = {isa = PBXFileReference; lastKnownFileType = sourcecode.swift; path = "SUI->UIKit-ButtonEvent1ViewController.swift"; sourceTree = "<group>"; };
		3EA76F0028970AF800F19061 /* SUI->UIKitButtonEvent1.swift */ = {isa = PBXFileReference; lastKnownFileType = sourcecode.swift; path = "SUI->UIKitButtonEvent1.swift"; sourceTree = "<group>"; };
		3EA76F0428970E5B00F19061 /* SUI-UIKitButtonEvent2.swift */ = {isa = PBXFileReference; lastKnownFileType = sourcecode.swift; path = "SUI-UIKitButtonEvent2.swift"; sourceTree = "<group>"; };
/* End PBXFileReference section */

/* Begin PBXFrameworksBuildPhase section */
		3E95D6ED288D2754000B9647 /* Frameworks */ = {
			isa = PBXFrameworksBuildPhase;
			buildActionMask = 2147483647;
			files = (
				3E95D70B288D285F000B9647 /* SnapKit in Frameworks */,
				3E95D70E288D287E000B9647 /* Lister in Frameworks */,
			);
			runOnlyForDeploymentPostprocessing = 0;
		};
/* End PBXFrameworksBuildPhase section */

/* Begin PBXGroup section */
		3E95D6E7288D2754000B9647 = {
			isa = PBXGroup;
			children = (
				3E95D6F2288D2754000B9647 /* SUI-UIKit */,
				3E95D6F1288D2754000B9647 /* Products */,
			);
			sourceTree = "<group>";
		};
		3E95D6F1288D2754000B9647 /* Products */ = {
			isa = PBXGroup;
			children = (
				3E95D6F0288D2754000B9647 /* SUI-UIKit.app */,
			);
			name = Products;
			sourceTree = "<group>";
		};
		3E95D6F2288D2754000B9647 /* SUI-UIKit */ = {
			isa = PBXGroup;
			children = (
				3EA76EF92897098900F19061 /* SUI->UIKit-ButtonEvent */,
				3E95D71F288D5D27000B9647 /* Usage-Example-asView */,
				3E95D71A288D442B000B9647 /* Update-View-from-UIKit */,
				3E95D717288D3EE8000B9647 /* Data-UIKit-to+from-SUI */,
				3E95D712288D2E84000B9647 /* UIKIt-UIView-in-SUI */,
				3E95D70F288D2ADF000B9647 /* SUI-View-in-UIKit */,
				3E95D6F3288D2754000B9647 /* AppDelegate.swift */,
				3E95D707288D27AB000B9647 /* RootViewController.swift */,
				3E95D6FC288D2756000B9647 /* Assets.xcassets */,
				3E95D6FE288D2756000B9647 /* LaunchScreen.storyboard */,
				3E95D701288D2756000B9647 /* Info.plist */,
			);
			path = "SUI-UIKit";
			sourceTree = "<group>";
		};
		3E95D70F288D2ADF000B9647 /* SUI-View-in-UIKit */ = {
			isa = PBXGroup;
			children = (
				3E95D710288D2B12000B9647 /* TestSettingsView.swift */,
			);
			path = "SUI-View-in-UIKit";
			sourceTree = "<group>";
		};
		3E95D712288D2E84000B9647 /* UIKIt-UIView-in-SUI */ = {
			isa = PBXGroup;
			children = (
				3E95D713288D2EB9000B9647 /* Ex2CellView.swift */,
				3E95D715288D2F11000B9647 /* Ex2Settings2View.swift */,
			);
			path = "UIKIt-UIView-in-SUI";
			sourceTree = "<group>";
		};
		3E95D717288D3EE8000B9647 /* Data-UIKit-to+from-SUI */ = {
			isa = PBXGroup;
			children = (
				3E95D718288D400B000B9647 /* DataView.swift */,
			);
			path = "Data-UIKit-to+from-SUI";
			sourceTree = "<group>";
		};
		3E95D71A288D442B000B9647 /* Update-View-from-UIKit */ = {
			isa = PBXGroup;
			children = (
				3E95D71B288D444D000B9647 /* UpdateDataView.swift */,
				3E95D71D288D4469000B9647 /* UpdateSUIDataViewController.swift */,
			);
			path = "Update-View-from-UIKit";
			sourceTree = "<group>";
		};
		3E95D71F288D5D27000B9647 /* Usage-Example-asView */ = {
			isa = PBXGroup;
			children = (
				3E95D720288D5D3D000B9647 /* UsageExample1ViewController.swift */,
				3E95D724288D5D50000B9647 /* UserProfileView.swift */,
			);
			path = "Usage-Example-asView";
			sourceTree = "<group>";
		};
		3EA76EF92897098900F19061 /* SUI->UIKit-ButtonEvent */ = {
			isa = PBXGroup;
			children = (
				3EA76EFC28970A5800F19061 /* SUI->UIKit-ButtonEvent1ViewController.swift */,
				3EA76F0028970AF800F19061 /* SUI->UIKitButtonEvent1.swift */,
				3EA76F0428970E5B00F19061 /* SUI-UIKitButtonEvent2.swift */,
			);
			path = "SUI->UIKit-ButtonEvent";
			sourceTree = "<group>";
		};
/* End PBXGroup section */

/* Begin PBXNativeTarget section */
		3E95D6EF288D2754000B9647 /* SUI-UIKit */ = {
			isa = PBXNativeTarget;
			buildConfigurationList = 3E95D704288D2756000B9647 /* Build configuration list for PBXNativeTarget "SUI-UIKit" */;
			buildPhases = (
				3E95D6EC288D2754000B9647 /* Sources */,
				3E95D6ED288D2754000B9647 /* Frameworks */,
				3E95D6EE288D2754000B9647 /* Resources */,
			);
			buildRules = (
			);
			dependencies = (
			);
			name = "SUI-UIKit";
			packageProductDependencies = (
				3E95D70A288D285F000B9647 /* SnapKit */,
				3E95D70D288D287E000B9647 /* Lister */,
			);
			productName = "SUI-UIKit";
			productReference = 3E95D6F0288D2754000B9647 /* SUI-UIKit.app */;
			productType = "com.apple.product-type.application";
		};
/* End PBXNativeTarget section */

/* Begin PBXProject section */
		3E95D6E8288D2754000B9647 /* Project object */ = {
			isa = PBXProject;
			attributes = {
				BuildIndependentTargetsInParallel = 1;
				LastSwiftUpdateCheck = 1320;
				LastUpgradeCheck = 1320;
				TargetAttributes = {
					3E95D6EF288D2754000B9647 = {
						CreatedOnToolsVersion = 13.2.1;
					};
				};
			};
			buildConfigurationList = 3E95D6EB288D2754000B9647 /* Build configuration list for PBXProject "SUI-UIKit" */;
			compatibilityVersion = "Xcode 13.0";
			developmentRegion = en;
			hasScannedForEncodings = 0;
			knownRegions = (
				en,
				Base,
			);
			mainGroup = 3E95D6E7288D2754000B9647;
			packageReferences = (
				3E95D709288D285F000B9647 /* XCRemoteSwiftPackageReference "SnapKit" */,
				3E95D70C288D287D000B9647 /* XCRemoteSwiftPackageReference "Lister" */,
			);
			productRefGroup = 3E95D6F1288D2754000B9647 /* Products */;
			projectDirPath = "";
			projectRoot = "";
			targets = (
				3E95D6EF288D2754000B9647 /* SUI-UIKit */,
			);
		};
/* End PBXProject section */

/* Begin PBXResourcesBuildPhase section */
		3E95D6EE288D2754000B9647 /* Resources */ = {
			isa = PBXResourcesBuildPhase;
			buildActionMask = 2147483647;
			files = (
				3E95D700288D2756000B9647 /* LaunchScreen.storyboard in Resources */,
				3E95D6FD288D2756000B9647 /* Assets.xcassets in Resources */,
			);
			runOnlyForDeploymentPostprocessing = 0;
		};
/* End PBXResourcesBuildPhase section */

/* Begin PBXSourcesBuildPhase section */
		3E95D6EC288D2754000B9647 /* Sources */ = {
			isa = PBXSourcesBuildPhase;
			buildActionMask = 2147483647;
			files = (
				3E95D719288D400B000B9647 /* DataView.swift in Sources */,
				3E95D708288D27AB000B9647 /* RootViewController.swift in Sources */,
				3E95D711288D2B13000B9647 /* TestSettingsView.swift in Sources */,
				3E95D71E288D4469000B9647 /* UpdateSUIDataViewController.swift in Sources */,
				3E95D714288D2EB9000B9647 /* Ex2CellView.swift in Sources */,
				3EA76EFD28970A5800F19061 /* SUI->UIKit-ButtonEvent1ViewController.swift in Sources */,
				3E95D725288D5D50000B9647 /* UserProfileView.swift in Sources */,
				3EA76F0528970E5B00F19061 /* SUI-UIKitButtonEvent2.swift in Sources */,
				3E95D716288D2F11000B9647 /* Ex2Settings2View.swift in Sources */,
				3EA76F0128970AF800F19061 /* SUI->UIKitButtonEvent1.swift in Sources */,
				3E95D71C288D444D000B9647 /* UpdateDataView.swift in Sources */,
				3E95D721288D5D3D000B9647 /* UsageExample1ViewController.swift in Sources */,
				3E95D6F4288D2754000B9647 /* AppDelegate.swift in Sources */,
			);
			runOnlyForDeploymentPostprocessing = 0;
		};
/* End PBXSourcesBuildPhase section */

/* Begin PBXVariantGroup section */
		3E95D6FE288D2756000B9647 /* LaunchScreen.storyboard */ = {
			isa = PBXVariantGroup;
			children = (
				3E95D6FF288D2756000B9647 /* Base */,
			);
			name = LaunchScreen.storyboard;
			sourceTree = "<group>";
		};
/* End PBXVariantGroup section */

/* Begin XCBuildConfiguration section */
		3E95D702288D2756000B9647 /* Debug */ = {
			isa = XCBuildConfiguration;
			buildSettings = {
				ALWAYS_SEARCH_USER_PATHS = NO;
				CLANG_ANALYZER_NONNULL = YES;
				CLANG_ANALYZER_NUMBER_OBJECT_CONVERSION = YES_AGGRESSIVE;
				CLANG_CXX_LANGUAGE_STANDARD = "gnu++17";
				CLANG_CXX_LIBRARY = "libc++";
				CLANG_ENABLE_MODULES = YES;
				CLANG_ENABLE_OBJC_ARC = YES;
				CLANG_ENABLE_OBJC_WEAK = YES;
				CLANG_WARN_BLOCK_CAPTURE_AUTORELEASING = YES;
				CLANG_WARN_BOOL_CONVERSION = YES;
				CLANG_WARN_COMMA = YES;
				CLANG_WARN_CONSTANT_CONVERSION = YES;
				CLANG_WARN_DEPRECATED_OBJC_IMPLEMENTATIONS = YES;
				CLANG_WARN_DIRECT_OBJC_ISA_USAGE = YES_ERROR;
				CLANG_WARN_DOCUMENTATION_COMMENTS = YES;
				CLANG_WARN_EMPTY_BODY = YES;
				CLANG_WARN_ENUM_CONVERSION = YES;
				CLANG_WARN_INFINITE_RECURSION = YES;
				CLANG_WARN_INT_CONVERSION = YES;
				CLANG_WARN_NON_LITERAL_NULL_CONVERSION = YES;
				CLANG_WARN_OBJC_IMPLICIT_RETAIN_SELF = YES;
				CLANG_WARN_OBJC_LITERAL_CONVERSION = YES;
				CLANG_WARN_OBJC_ROOT_CLASS = YES_ERROR;
				CLANG_WARN_QUOTED_INCLUDE_IN_FRAMEWORK_HEADER = YES;
				CLANG_WARN_RANGE_LOOP_ANALYSIS = YES;
				CLANG_WARN_STRICT_PROTOTYPES = YES;
				CLANG_WARN_SUSPICIOUS_MOVE = YES;
				CLANG_WARN_UNGUARDED_AVAILABILITY = YES_AGGRESSIVE;
				CLANG_WARN_UNREACHABLE_CODE = YES;
				CLANG_WARN__DUPLICATE_METHOD_MATCH = YES;
				COPY_PHASE_STRIP = NO;
				DEBUG_INFORMATION_FORMAT = dwarf;
				ENABLE_STRICT_OBJC_MSGSEND = YES;
				ENABLE_TESTABILITY = YES;
				GCC_C_LANGUAGE_STANDARD = gnu11;
				GCC_DYNAMIC_NO_PIC = NO;
				GCC_NO_COMMON_BLOCKS = YES;
				GCC_OPTIMIZATION_LEVEL = 0;
				GCC_PREPROCESSOR_DEFINITIONS = (
					"DEBUG=1",
					"$(inherited)",
				);
				GCC_WARN_64_TO_32_BIT_CONVERSION = YES;
				GCC_WARN_ABOUT_RETURN_TYPE = YES_ERROR;
				GCC_WARN_UNDECLARED_SELECTOR = YES;
				GCC_WARN_UNINITIALIZED_AUTOS = YES_AGGRESSIVE;
				GCC_WARN_UNUSED_FUNCTION = YES;
				GCC_WARN_UNUSED_VARIABLE = YES;
				IPHONEOS_DEPLOYMENT_TARGET = 15.2;
				MTL_ENABLE_DEBUG_INFO = INCLUDE_SOURCE;
				MTL_FAST_MATH = YES;
				ONLY_ACTIVE_ARCH = YES;
				SDKROOT = iphoneos;
				SWIFT_ACTIVE_COMPILATION_CONDITIONS = DEBUG;
				SWIFT_OPTIMIZATION_LEVEL = "-Onone";
			};
			name = Debug;
		};
		3E95D703288D2756000B9647 /* Release */ = {
			isa = XCBuildConfiguration;
			buildSettings = {
				ALWAYS_SEARCH_USER_PATHS = NO;
				CLANG_ANALYZER_NONNULL = YES;
				CLANG_ANALYZER_NUMBER_OBJECT_CONVERSION = YES_AGGRESSIVE;
				CLANG_CXX_LANGUAGE_STANDARD = "gnu++17";
				CLANG_CXX_LIBRARY = "libc++";
				CLANG_ENABLE_MODULES = YES;
				CLANG_ENABLE_OBJC_ARC = YES;
				CLANG_ENABLE_OBJC_WEAK = YES;
				CLANG_WARN_BLOCK_CAPTURE_AUTORELEASING = YES;
				CLANG_WARN_BOOL_CONVERSION = YES;
				CLANG_WARN_COMMA = YES;
				CLANG_WARN_CONSTANT_CONVERSION = YES;
				CLANG_WARN_DEPRECATED_OBJC_IMPLEMENTATIONS = YES;
				CLANG_WARN_DIRECT_OBJC_ISA_USAGE = YES_ERROR;
				CLANG_WARN_DOCUMENTATION_COMMENTS = YES;
				CLANG_WARN_EMPTY_BODY = YES;
				CLANG_WARN_ENUM_CONVERSION = YES;
				CLANG_WARN_INFINITE_RECURSION = YES;
				CLANG_WARN_INT_CONVERSION = YES;
				CLANG_WARN_NON_LITERAL_NULL_CONVERSION = YES;
				CLANG_WARN_OBJC_IMPLICIT_RETAIN_SELF = YES;
				CLANG_WARN_OBJC_LITERAL_CONVERSION = YES;
				CLANG_WARN_OBJC_ROOT_CLASS = YES_ERROR;
				CLANG_WARN_QUOTED_INCLUDE_IN_FRAMEWORK_HEADER = YES;
				CLANG_WARN_RANGE_LOOP_ANALYSIS = YES;
				CLANG_WARN_STRICT_PROTOTYPES = YES;
				CLANG_WARN_SUSPICIOUS_MOVE = YES;
				CLANG_WARN_UNGUARDED_AVAILABILITY = YES_AGGRESSIVE;
				CLANG_WARN_UNREACHABLE_CODE = YES;
				CLANG_WARN__DUPLICATE_METHOD_MATCH = YES;
				COPY_PHASE_STRIP = NO;
				DEBUG_INFORMATION_FORMAT = "dwarf-with-dsym";
				ENABLE_NS_ASSERTIONS = NO;
				ENABLE_STRICT_OBJC_MSGSEND = YES;
				GCC_C_LANGUAGE_STANDARD = gnu11;
				GCC_NO_COMMON_BLOCKS = YES;
				GCC_WARN_64_TO_32_BIT_CONVERSION = YES;
				GCC_WARN_ABOUT_RETURN_TYPE = YES_ERROR;
				GCC_WARN_UNDECLARED_SELECTOR = YES;
				GCC_WARN_UNINITIALIZED_AUTOS = YES_AGGRESSIVE;
				GCC_WARN_UNUSED_FUNCTION = YES;
				GCC_WARN_UNUSED_VARIABLE = YES;
				IPHONEOS_DEPLOYMENT_TARGET = 15.2;
				MTL_ENABLE_DEBUG_INFO = NO;
				MTL_FAST_MATH = YES;
				SDKROOT = iphoneos;
				SWIFT_COMPILATION_MODE = wholemodule;
				SWIFT_OPTIMIZATION_LEVEL = "-O";
				VALIDATE_PRODUCT = YES;
			};
			name = Release;
		};
		3E95D705288D2756000B9647 /* Debug */ = {
			isa = XCBuildConfiguration;
			buildSettings = {
				ASSETCATALOG_COMPILER_APPICON_NAME = AppIcon;
				ASSETCATALOG_COMPILER_GLOBAL_ACCENT_COLOR_NAME = AccentColor;
				CODE_SIGN_STYLE = Automatic;
				CURRENT_PROJECT_VERSION = 1;
				DEVELOPMENT_TEAM = R24W57U338;
				GENERATE_INFOPLIST_FILE = YES;
				INFOPLIST_FILE = "SUI-UIKit/Info.plist";
				INFOPLIST_KEY_UIApplicationSupportsIndirectInputEvents = YES;
				INFOPLIST_KEY_UILaunchStoryboardName = LaunchScreen;
				INFOPLIST_KEY_UISupportedInterfaceOrientations_iPad = "UIInterfaceOrientationPortrait UIInterfaceOrientationPortraitUpsideDown UIInterfaceOrientationLandscapeLeft UIInterfaceOrientationLandscapeRight";
				INFOPLIST_KEY_UISupportedInterfaceOrientations_iPhone = "UIInterfaceOrientationPortrait UIInterfaceOrientationLandscapeLeft UIInterfaceOrientationLandscapeRight";
				LD_RUNPATH_SEARCH_PATHS = (
					"$(inherited)",
					"@executable_path/Frameworks",
				);
				MARKETING_VERSION = 1.0;
				PRODUCT_BUNDLE_IDENTIFIER = "Jeytery.SUI-UIKit";
				PRODUCT_NAME = "$(TARGET_NAME)";
				SWIFT_EMIT_LOC_STRINGS = YES;
				SWIFT_VERSION = 5.0;
				TARGETED_DEVICE_FAMILY = "1,2";
			};
			name = Debug;
		};
		3E95D706288D2756000B9647 /* Release */ = {
			isa = XCBuildConfiguration;
			buildSettings = {
				ASSETCATALOG_COMPILER_APPICON_NAME = AppIcon;
				ASSETCATALOG_COMPILER_GLOBAL_ACCENT_COLOR_NAME = AccentColor;
				CODE_SIGN_STYLE = Automatic;
				CURRENT_PROJECT_VERSION = 1;
				DEVELOPMENT_TEAM = R24W57U338;
				GENERATE_INFOPLIST_FILE = YES;
				INFOPLIST_FILE = "SUI-UIKit/Info.plist";
				INFOPLIST_KEY_UIApplicationSupportsIndirectInputEvents = YES;
				INFOPLIST_KEY_UILaunchStoryboardName = LaunchScreen;
				INFOPLIST_KEY_UISupportedInterfaceOrientations_iPad = "UIInterfaceOrientationPortrait UIInterfaceOrientationPortraitUpsideDown UIInterfaceOrientationLandscapeLeft UIInterfaceOrientationLandscapeRight";
				INFOPLIST_KEY_UISupportedInterfaceOrientations_iPhone = "UIInterfaceOrientationPortrait UIInterfaceOrientationLandscapeLeft UIInterfaceOrientationLandscapeRight";
				LD_RUNPATH_SEARCH_PATHS = (
					"$(inherited)",
					"@executable_path/Frameworks",
				);
				MARKETING_VERSION = 1.0;
				PRODUCT_BUNDLE_IDENTIFIER = "Jeytery.SUI-UIKit";
				PRODUCT_NAME = "$(TARGET_NAME)";
				SWIFT_EMIT_LOC_STRINGS = YES;
				SWIFT_VERSION = 5.0;
				TARGETED_DEVICE_FAMILY = "1,2";
			};
			name = Release;
		};
/* End XCBuildConfiguration section */

/* Begin XCConfigurationList section */
		3E95D6EB288D2754000B9647 /* Build configuration list for PBXProject "SUI-UIKit" */ = {
			isa = XCConfigurationList;
			buildConfigurations = (
				3E95D702288D2756000B9647 /* Debug */,
				3E95D703288D2756000B9647 /* Release */,
			);
			defaultConfigurationIsVisible = 0;
			defaultConfigurationName = Release;
		};
		3E95D704288D2756000B9647 /* Build configuration list for PBXNativeTarget "SUI-UIKit" */ = {
			isa = XCConfigurationList;
			buildConfigurations = (
				3E95D705288D2756000B9647 /* Debug */,
				3E95D706288D2756000B9647 /* Release */,
			);
			defaultConfigurationIsVisible = 0;
			defaultConfigurationName = Release;
		};
/* End XCConfigurationList section */

/* Begin XCRemoteSwiftPackageReference section */
		3E95D709288D285F000B9647 /* XCRemoteSwiftPackageReference "SnapKit" */ = {
			isa = XCRemoteSwiftPackageReference;
			repositoryURL = "https://github.com/SnapKit/SnapKit";
			requirement = {
				branch = develop;
				kind = branch;
			};
		};
		3E95D70C288D287D000B9647 /* XCRemoteSwiftPackageReference "Lister" */ = {
			isa = XCRemoteSwiftPackageReference;
			repositoryURL = "https://github.com/Jeytery/Lister";
			requirement = {
				branch = master;
				kind = branch;
			};
		};
/* End XCRemoteSwiftPackageReference section */

/* Begin XCSwiftPackageProductDependency section */
		3E95D70A288D285F000B9647 /* SnapKit */ = {
			isa = XCSwiftPackageProductDependency;
			package = 3E95D709288D285F000B9647 /* XCRemoteSwiftPackageReference "SnapKit" */;
			productName = SnapKit;
		};
		3E95D70D288D287E000B9647 /* Lister */ = {
			isa = XCSwiftPackageProductDependency;
			package = 3E95D70C288D287D000B9647 /* XCRemoteSwiftPackageReference "Lister" */;
			productName = Lister;
		};
/* End XCSwiftPackageProductDependency section */
	};
	rootObject = 3E95D6E8288D2754000B9647 /* Project object */;
}
